
Microsoft Visual Studio Solution File, Format Version 12.00
# Visual Studio Version 16
VisualStudioVersion = 16.0.30503.244
MinimumVisualStudioVersion = 10.0.40219.1
Project("{FAE04EC0-301F-11D3-BF4B-00C04F79EFBC}") = "API", "API\API.csproj", "{6BA42BC2-C86D-4D18-89BA-C777F42AEEAE}"
EndProject
Global
	GlobalSection(SolutionConfigurationPlatforms) = preSolution
		Debug|Any CPU = Debug|Any CPU
		Release|Any CPU = Release|Any CPU
	EndGlobalSection
	GlobalSection(ProjectConfigurationPlatforms) = postSolution
		{6BA42BC2-C86D-4D18-89BA-C777F42AEEAE}.Debug|Any CPU.ActiveCfg = Debug|Any CPU
		{6BA42BC2-C86D-4D18-89BA-C777F42AEEAE}.Debug|Any CPU.Build.0 = Debug|Any CPU
		{6BA42BC2-C86D-4D18-89BA-C777F42AEEAE}.Release|Any CPU.ActiveCfg = Release|Any CPU
		{6BA42BC2-C86D-4D18-89BA-C777F42AEEAE}.Release|Any CPU.Build.0 = Release|Any CPU
	EndGlobalSection
	GlobalSection(SolutionProperties) = preSolution
		HideSolutionNode = FALSE
	EndGlobalSection
	GlobalSection(ExtensibilityGlobals) = postSolution
		SolutionGuid = {C83D9C5A-12D0-4407-AE5A-2B986B201CBB}
	EndGlobalSection
EndGlobal
